PODS:
  - AFNetworking (3.2.1):
    - AFNetworking/NSURLSession (= 3.2.1)
    - AFNetworking/Reachability (= 3.2.1)
    - AFNetworking/Security (= 3.2.1)
    - AFNetworking/Serialization (= 3.2.1)
    - AFNetworking/UIKit (= 3.2.1)
  - AFNetworking/NSURLSession (3.2.1):
    - AFNetworking/Reachability
    - AFNetworking/Security
    - AFNetworking/Serialization
  - AFNetworking/Reachability (3.2.1)
  - AFNetworking/Security (3.2.1)
  - AFNetworking/Serialization (3.2.1)
  - AFNetworking/UIKit (3.2.1):
    - AFNetworking/NSURLSession
  - JCore (2.0.2)
  - JPush (3.2.1):
    - JCore (< 3.0.0, >= 2.0.0)
  - MJExtension (3.0.17)
  - MJRefresh (3.2.0)
  - SDCycleScrollView (1.65):
    - SDWebImage (~> 3.7)
  - SDWebImage (3.8.2):
    - SDWebImage/Core (= 3.8.2)
  - SDWebImage/Core (3.8.2)
  - SVProgressHUD (2.2.5)
  - YYKit (1.0.9):
    - YYKit/no-arc (= 1.0.9)
  - YYKit/no-arc (1.0.9)

DEPENDENCIES:
  - AFNetworking
  - JPush
  - MJExtension (<= 3.1.12)
  - MJRefresh
  - SDCycleScrollView
  - SDWebImage (<= 3.8.2)
  - SVProgressHUD
  - YYKit

SPEC REPOS:
  https://github.com/cocoapods/specs.git:
    - AFNetworking
    - JCore
    - JPush
    - MJExtension
    - MJRefresh
    - SDCycleScrollView
    - SDWebImage
    - SVProgressHUD
    - YYKit

SPEC CHECKSUMS:
  AFNetworking: b6f891fdfaed196b46c7a83cf209e09697b94057
  JCore: d4cbe6d178eaeb0ed263e42a6ebcb617855ef7cb
  JPush: a1ff8b8ec53fa3419b414946e4db4efa313baeae
  MJExtension: 74ec83124a68891619fb7ba9c5c811bbf1691076
  MJRefresh: ed450d6eb9d3346a2cb033ab7eb6de090aeef437
  SDCycleScrollView: f72904c77698a7f93a41bcbbc2d78b073bf7326c
  SDWebImage: 098e97e6176540799c27e804c96653ee0833d13c
  SVProgressHUD: 1428aafac632c1f86f62aa4243ec12008d7a51d6
  YYKit: 7cda43304a8dc3696c449041e2cb3107b4e236e7

PODFILE CHECKSUM: 25baea303ff613c3db8d785b700cafca47b0a526

COCOAPODS: 1.7.1
